
Microsoft Visual Studio Solution File, Format Version 12.00
# Visual Studio Version 17
VisualStudioVersion = 17.2.32630.192
MinimumVisualStudioVersion = 10.0.40219.1
Project("{9A19103F-16F7-4668-BE54-9A1E7A4F7556}") = "File-Upload-in-Dot-NET", "File-Upload-in-Dot-NET.csproj", "{C781661E-7D6E-44D1-9309-8D65FA6EB478}"
EndProject
Global
	GlobalSection(SolutionConfigurationPlatforms) = preSolution
		Debug|Any CPU = Debug|Any CPU
		Release|Any CPU = Release|Any CPU
	EndGlobalSection
	GlobalSection(ProjectConfigurationPlatforms) = postSolution
		{C781661E-7D6E-44D1-9309-8D65FA6EB478}.Debug|Any CPU.ActiveCfg = Debug|Any CPU
		{C781661E-7D6E-44D1-9309-8D65FA6EB478}.Debug|Any CPU.Build.0 = Debug|Any CPU
		{C781661E-7D6E-44D1-9309-8D65FA6EB478}.Release|Any CPU.ActiveCfg = Release|Any CPU
		{C781661E-7D6E-44D1-9309-8D65FA6EB478}.Release|Any CPU.Build.0 = Release|Any CPU
	EndGlobalSection
	GlobalSection(SolutionProperties) = preSolution
		HideSolutionNode = FALSE
	EndGlobalSection
	GlobalSection(ExtensibilityGlobals) = postSolution
		SolutionGuid = {EDBCCDDF-2AD0-4E35-BE78-AB23FBA1F3EE}
	EndGlobalSection
EndGlobal
